
Microsoft Visual Studio Solution File, Format Version 12.00
# Visual Studio 15
Project("{FAE04EC0-301F-11D3-BF4B-00C04F79EFBC}") = "OdeToFood.Web", "OdeToFood.Web\OdeToFood.Web.csproj", "{96556922-8CFB-49D3-8069-C5F2967E0423}"
EndProject
Project("{FAE04EC0-301F-11D3-BF4B-00C04F79EFBC}") = "OdeToFood.Web.Tests", "OdeToFood.Web.Tests\OdeToFood.Web.Tests.csproj", "{E5510202-7AAE-4484-81EA-356119053678}"
EndProject
Project("{FAE04EC0-301F-11D3-BF4B-00C04F79EFBC}") = "OdeToFood.Data", "OdeToFood.Data\OdeToFood.Data.csproj", "{E2A6F32B-ABB2-4CCD-9FC1-29FA5894E85E}"
EndProject
Project("{FAE04EC0-301F-11D3-BF4B-00C04F79EFBC}") = "OdeToFood2.Data", "OdeToFood2.Data\OdeToFood2.Data.csproj", "{00B19765-A097-411F-9A48-409FE993D1BA}"
EndProject
Global
	GlobalSection(SolutionConfigurationPlatforms) = preSolution
		Debug|Any CPU = Debug|Any CPU
		Release|Any CPU = Release|Any CPU
	EndGlobalSection
	GlobalSection(ProjectConfigurationPlatforms) = postSolution
		{96556922-8CFB-49D3-8069-C5F2967E0423}.Debug|Any CPU.ActiveCfg = Debug|Any CPU
		{96556922-8CFB-49D3-8069-C5F2967E0423}.Debug|Any CPU.Build.0 = Debug|Any CPU
		{96556922-8CFB-49D3-8069-C5F2967E0423}.Release|Any CPU.ActiveCfg = Release|Any CPU
		{96556922-8CFB-49D3-8069-C5F2967E0423}.Release|Any CPU.Build.0 = Release|Any CPU
		{E5510202-7AAE-4484-81EA-356119053678}.Debug|Any CPU.ActiveCfg = Debug|Any CPU
		{E5510202-7AAE-4484-81EA-356119053678}.Debug|Any CPU.Build.0 = Debug|Any CPU
		{E5510202-7AAE-4484-81EA-356119053678}.Release|Any CPU.ActiveCfg = Release|Any CPU
		{E5510202-7AAE-4484-81EA-356119053678}.Release|Any CPU.Build.0 = Release|Any CPU
		{E2A6F32B-ABB2-4CCD-9FC1-29FA5894E85E}.Debug|Any CPU.ActiveCfg = Debug|Any CPU
		{E2A6F32B-ABB2-4CCD-9FC1-29FA5894E85E}.Debug|Any CPU.Build.0 = Debug|Any CPU
		{E2A6F32B-ABB2-4CCD-9FC1-29FA5894E85E}.Release|Any CPU.ActiveCfg = Release|Any CPU
		{E2A6F32B-ABB2-4CCD-9FC1-29FA5894E85E}.Release|Any CPU.Build.0 = Release|Any CPU
		{00B19765-A097-411F-9A48-409FE993D1BA}.Debug|Any CPU.ActiveCfg = Debug|Any CPU
		{00B19765-A097-411F-9A48-409FE993D1BA}.Debug|Any CPU.Build.0 = Debug|Any CPU
		{00B19765-A097-411F-9A48-409FE993D1BA}.Release|Any CPU.ActiveCfg = Release|Any CPU
		{00B19765-A097-411F-9A48-409FE993D1BA}.Release|Any CPU.Build.0 = Release|Any CPU
	EndGlobalSection
EndGlobal
